
Microsoft Visual Studio Solution File, Format Version 12.00
# Visual Studio Version 17
VisualStudioVersion = 17.3.32929.385
MinimumVisualStudioVersion = 10.0.40219.1
Project("{FAE04EC0-301F-11D3-BF4B-00C04F79EFBC}") = "CLANG_WINDOWS_10", "CLANG_WINDOWS_10.csproj", "{9AA7E737-F597-4D11-AB5A-978B03D3A7ED}"
EndProject
Global
	GlobalSection(SolutionConfigurationPlatforms) = preSolution
		Debug|Any CPU = Debug|Any CPU
		Release|Any CPU = Release|Any CPU
	EndGlobalSection
	GlobalSection(ProjectConfigurationPlatforms) = postSolution
		{9AA7E737-F597-4D11-AB5A-978B03D3A7ED}.Debug|Any CPU.ActiveCfg = Debug|Any CPU
		{9AA7E737-F597-4D11-AB5A-978B03D3A7ED}.Debug|Any CPU.Build.0 = Debug|Any CPU
		{9AA7E737-F597-4D11-AB5A-978B03D3A7ED}.Release|Any CPU.ActiveCfg = Release|Any CPU
		{9AA7E737-F597-4D11-AB5A-978B03D3A7ED}.Release|Any CPU.Build.0 = Release|Any CPU
	EndGlobalSection
	GlobalSection(SolutionProperties) = preSolution
		HideSolutionNode = FALSE
	EndGlobalSection
	GlobalSection(ExtensibilityGlobals) = postSolution
		SolutionGuid = {78E0BB31-3DEC-48CB-8FAF-DD76187EA0BC}
	EndGlobalSection
EndGlobal
